lockfileVersion: '6.0'

settings:
  autoInstallPeers: true
  excludeLinksFromLockfile: false

dependencies:
  vue:
    specifier: ^3.4.31
    version: registry.npmmirror.com/vue@3.4.31(typescript@5.2.2)
  vue-router:
    specifier: ^4.4.0
    version: registry.npmmirror.com/vue-router@4.4.0(vue@3.4.31)

devDependencies:
  '@vitejs/plugin-vue':
    specifier: ^5.0.5
    version: registry.npmmirror.com/@vitejs/plugin-vue@5.0.5(vite@5.3.4)(vue@3.4.31)
  typescript:
    specifier: ^5.2.2
    version: registry.npmmirror.com/typescript@5.2.2
  vite:
    specifier: ^5.3.4
    version: registry.npmmirror.com/vite@5.3.4
  vue-tsc:
    specifier: ^2.0.24
    version: registry.npmmirror.com/vue-tsc@2.0.24(typescript@5.2.2)

packages:

  registry.npmmirror.com/@babel/helper-string-parser@7.24.8:
    resolution: {integrity: sha512-pO9KhhRcuUyGnJWwyEgnRJTSIZHiT+vMD0kPeD+so0l7mxkMT19g3pjY9GTnHySck/hDzq+dtW/4VgnMkippsQ==, registry: https://registry.npm.taobao.org/, tarball: https://registry.npmmirror.com/@babel/helper-string-parser/-/helper-string-parser-7.24.8.tgz}
    name: '@babel/helper-string-parser'
    version: 7.24.8
    engines: {node: '>=6.9.0'}

  registry.npmmirror.com/@babel/helper-validator-identifier@7.24.7:
    resolution: {integrity: sha512-rR+PBcQ1SMQDDyF6X0wxtG8QyLCgUB0eRAGguqRLfkCA87l7yAP7ehq8SNj96OOGTO8OBV70KhuFYcIkHXOg0w==, registry: https://registry.npm.taobao.org/, tarball: https://registry.npmmirror.com/@babel/helper-validator-identifier/-/helper-validator-identifier-7.24.7.tgz}
    name: '@babel/helper-validator-identifier'
    version: 7.24.7
    engines: {node: '>=6.9.0'}

  registry.npmmirror.com/@babel/parser@7.25.0:
    resolution: {integrity: sha512-CzdIU9jdP0dg7HdyB+bHvDJGagUv+qtzZt5rYCWwW6tITNqV9odjp6Qu41gkG0ca5UfdDUWrKkiAnHHdGRnOrA==, registry: https://registry.npm.taobao.org/, tarball: https://registry.npmmirror.com/@babel/parser/-/parser-7.25.0.tgz}
    name: '@babel/parser'
    version: 7.25.0
    engines: {node: '>=6.0.0'}
    hasBin: true
    dependencies:
      '@babel/types': registry.npmmirror.com/@babel/types@7.25.2

  registry.npmmirror.com/@babel/types@7.25.2:
    resolution: {integrity: sha512-YTnYtra7W9e6/oAZEHj0bJehPRUlLH9/fbpT5LfB0NhQXyALCRkRs3zH9v07IYhkgpqX6Z78FnuccZr/l4Fs4Q==, registry: https://registry.npm.taobao.org/, tarball: https://registry.npmmirror.com/@babel/types/-/types-7.25.2.tgz}
    name: '@babel/types'
    version: 7.25.2
    engines: {node: '>=6.9.0'}
    dependencies:
      '@babel/helper-string-parser': registry.npmmirror.com/@babel/helper-string-parser@7.24.8
      '@babel/helper-validator-identifier': registry.npmmirror.com/@babel/helper-validator-identifier@7.24.7
      to-fast-properties: registry.npmmirror.com/to-fast-properties@2.0.0

  registry.npmmirror.com/@esbuild/aix-ppc64@0.21.5:
    resolution: {integrity: sha512-1SDgH6ZSPTlggy1yI6+Dbkiz8xzpHJEVAlF/AM1tHPLsf5STom9rwtjE4hKAF20FfXXNTFqEYXyJNWh1GiZedQ==, registry: https://registry.npm.taobao.org/, tarball: https://registry.npmmirror.com/@esbuild/aix-ppc64/-/aix-ppc64-0.21.5.tgz}
    name: '@esbuild/aix-ppc64'
    version: 0.21.5
    engines: {node: '>=12'}
    cpu: [ppc64]
    os: [aix]
    requiresBuild: true
    dev: true
    optional: true

  registry.npmmirror.com/@esbuild/android-arm64@0.21.5:
    resolution: {integrity: sha512-c0uX9VAUBQ7dTDCjq+wdyGLowMdtR/GoC2U5IYk/7D1H1JYC0qseD7+11iMP2mRLN9RcCMRcjC4YMclCzGwS/A==, registry: https://registry.npm.taobao.org/, tarball: https://registry.npmmirror.com/@esbuild/android-arm64/-/android-arm64-0.21.5.tgz}
    name: '@esbuild/android-arm64'
    version: 0.21.5
    engines: {node: '>=12'}
    cpu: [arm64]
    os: [android]
    requiresBuild: true
    dev: true
    optional: true

  registry.npmmirror.com/@esbuild/android-arm@0.21.5:
    resolution: {integrity: sha512-vCPvzSjpPHEi1siZdlvAlsPxXl7WbOVUBBAowWug4rJHb68Ox8KualB+1ocNvT5fjv6wpkX6o/iEpbDrf68zcg==, registry: https://registry.npm.taobao.org/, tarball: https://registry.npmmirror.com/@esbuild/android-arm/-/android-arm-0.21.5.tgz}
    name: '@esbuild/android-arm'
    version: 0.21.5
    engines: {node: '>=12'}
    cpu: [arm]
    os: [android]
    requiresBuild: true
    dev: true
    optional: true

  registry.npmmirror.com/@esbuild/android-x64@0.21.5:
    resolution: {integrity: sha512-D7aPRUUNHRBwHxzxRvp856rjUHRFW1SdQATKXH2hqA0kAZb1hKmi02OpYRacl0TxIGz/ZmXWlbZgjwWYaCakTA==, registry: https://registry.npm.taobao.org/, tarball: https://registry.npmmirror.com/@esbuild/android-x64/-/android-x64-0.21.5.tgz}
    name: '@esbuild/android-x64'
    version: 0.21.5
    engines: {node: '>=12'}
    cpu: [x64]
    os: [android]
    requiresBuild: true
    dev: true
    optional: true

  registry.npmmirror.com/@esbuild/darwin-arm64@0.21.5:
    resolution: {integrity: sha512-DwqXqZyuk5AiWWf3UfLiRDJ5EDd49zg6O9wclZ7kUMv2WRFr4HKjXp/5t8JZ11QbQfUS6/cRCKGwYhtNAY88kQ==, registry: https://registry.npm.taobao.org/, tarball: https://registry.npmmirror.com/@esbuild/darwin-arm64/-/darwin-arm64-0.21.5.tgz}
    name: '@esbuild/darwin-arm64'
    version: 0.21.5
    engines: {node: '>=12'}
    cpu: [arm64]
    os: [darwin]
    requiresBuild: true
    dev: true
    optional: true

  registry.npmmirror.com/@esbuild/darwin-x64@0.21.5:
    resolution: {integrity: sha512-se/JjF8NlmKVG4kNIuyWMV/22ZaerB+qaSi5MdrXtd6R08kvs2qCN4C09miupktDitvh8jRFflwGFBQcxZRjbw==, registry: https://registry.npm.taobao.org/, tarball: https://registry.npmmirror.com/@esbuild/darwin-x64/-/darwin-x64-0.21.5.tgz}
    name: '@esbuild/darwin-x64'
    version: 0.21.5
    engines: {node: '>=12'}
    cpu: [x64]
    os: [darwin]
    requiresBuild: true
    dev: true
    optional: true

  registry.npmmirror.com/@esbuild/freebsd-arm64@0.21.5:
    resolution: {integrity: sha512-5JcRxxRDUJLX8JXp/wcBCy3pENnCgBR9bN6JsY4OmhfUtIHe3ZW0mawA7+RDAcMLrMIZaf03NlQiX9DGyB8h4g==, registry: https://registry.npm.taobao.org/, tarball: https://registry.npmmirror.com/@esbuild/freebsd-arm64/-/freebsd-arm64-0.21.5.tgz}
    name: '@esbuild/freebsd-arm64'
    version: 0.21.5
    engines: {node: '>=12'}
    cpu: [arm64]
    os: [freebsd]
    requiresBuild: true
    dev: true
    optional: true

  registry.npmmirror.com/@esbuild/freebsd-x64@0.21.5:
    resolution: {integrity: sha512-J95kNBj1zkbMXtHVH29bBriQygMXqoVQOQYA+ISs0/2l3T9/kj42ow2mpqerRBxDJnmkUDCaQT/dfNXWX/ZZCQ==, registry: https://registry.npm.taobao.org/, tarball: https://registry.npmmirror.com/@esbuild/freebsd-x64/-/freebsd-x64-0.21.5.tgz}
    name: '@esbuild/freebsd-x64'
    version: 0.21.5
    engines: {node: '>=12'}
    cpu: [x64]
    os: [freebsd]
    requiresBuild: true
    dev: true
    optional: true

  registry.npmmirror.com/@esbuild/linux-arm64@0.21.5:
    resolution: {integrity: sha512-ibKvmyYzKsBeX8d8I7MH/TMfWDXBF3db4qM6sy+7re0YXya+K1cem3on9XgdT2EQGMu4hQyZhan7TeQ8XkGp4Q==, registry: https://registry.npm.taobao.org/, tarball: https://registry.npmmirror.com/@esbuild/linux-arm64/-/linux-arm64-0.21.5.tgz}
    name: '@esbuild/linux-arm64'
    version: 0.21.5
    engines: {node: '>=12'}
    cpu: [arm64]
    os: [linux]
    requiresBuild: true
    dev: true
    optional: true

  registry.npmmirror.com/@esbuild/linux-arm@0.21.5:
    resolution: {integrity: sha512-bPb5AHZtbeNGjCKVZ9UGqGwo8EUu4cLq68E95A53KlxAPRmUyYv2D6F0uUI65XisGOL1hBP5mTronbgo+0bFcA==, registry: https://registry.npm.taobao.org/, tarball: https://registry.npmmirror.com/@esbuild/linux-arm/-/linux-arm-0.21.5.tgz}
    name: '@esbuild/linux-arm'
    version: 0.21.5
    engines: {node: '>=12'}
    cpu: [arm]
    os: [linux]
    requiresBuild: true
    dev: true
    optional: true

  registry.npmmirror.com/@esbuild/linux-ia32@0.21.5:
    resolution: {integrity: sha512-YvjXDqLRqPDl2dvRODYmmhz4rPeVKYvppfGYKSNGdyZkA01046pLWyRKKI3ax8fbJoK5QbxblURkwK/MWY18Tg==, registry: https://registry.npm.taobao.org/, tarball: https://registry.npmmirror.com/@esbuild/linux-ia32/-/linux-ia32-0.21.5.tgz}
    name: '@esbuild/linux-ia32'
    version: 0.21.5
    engines: {node: '>=12'}
    cpu: [ia32]
    os: [linux]
    requiresBuild: true
    dev: true
    optional: true

  registry.npmmirror.com/@esbuild/linux-loong64@0.21.5:
    resolution: {integrity: sha512-uHf1BmMG8qEvzdrzAqg2SIG/02+4/DHB6a9Kbya0XDvwDEKCoC8ZRWI5JJvNdUjtciBGFQ5PuBlpEOXQj+JQSg==, registry: https://registry.npm.taobao.org/, tarball: https://registry.npmmirror.com/@esbuild/linux-loong64/-/linux-loong64-0.21.5.tgz}
    name: '@esbuild/linux-loong64'
    version: 0.21.5
    engines: {node: '>=12'}
    cpu: [loong64]
    os: [linux]
    requiresBuild: true
    dev: true
    optional: true

  registry.npmmirror.com/@esbuild/linux-mips64el@0.21.5:
    resolution: {integrity: sha512-IajOmO+KJK23bj52dFSNCMsz1QP1DqM6cwLUv3W1QwyxkyIWecfafnI555fvSGqEKwjMXVLokcV5ygHW5b3Jbg==, registry: https://registry.npm.taobao.org/, tarball: https://registry.npmmirror.com/@esbuild/linux-mips64el/-/linux-mips64el-0.21.5.tgz}
    name: '@esbuild/linux-mips64el'
    version: 0.21.5
    engines: {node: '>=12'}
    cpu: [mips64el]
    os: [linux]
    requiresBuild: true
    dev: true
    optional: true

  registry.npmmirror.com/@esbuild/linux-ppc64@0.21.5:
    resolution: {integrity: sha512-1hHV/Z4OEfMwpLO8rp7CvlhBDnjsC3CttJXIhBi+5Aj5r+MBvy4egg7wCbe//hSsT+RvDAG7s81tAvpL2XAE4w==, registry: https://registry.npm.taobao.org/, tarball: https://registry.npmmirror.com/@esbuild/linux-ppc64/-/linux-ppc64-0.21.5.tgz}
    name: '@esbuild/linux-ppc64'
    version: 0.21.5
    engines: {node: '>=12'}
    cpu: [ppc64]
    os: [linux]
    requiresBuild: true
    dev: true
    optional: true

  registry.npmmirror.com/@esbuild/linux-riscv64@0.21.5:
    resolution: {integrity: sha512-2HdXDMd9GMgTGrPWnJzP2ALSokE/0O5HhTUvWIbD3YdjME8JwvSCnNGBnTThKGEB91OZhzrJ4qIIxk/SBmyDDA==, registry: https://registry.npm.taobao.org/, tarball: https://registry.npmmirror.com/@esbuild/linux-riscv64/-/linux-riscv64-0.21.5.tgz}
    name: '@esbuild/linux-riscv64'
    version: 0.21.5
    engines: {node: '>=12'}
    cpu: [riscv64]
    os: [linux]
    requiresBuild: true
    dev: true
    optional: true

  registry.npmmirror.com/@esbuild/linux-s390x@0.21.5:
    resolution: {integrity: sha512-zus5sxzqBJD3eXxwvjN1yQkRepANgxE9lgOW2qLnmr8ikMTphkjgXu1HR01K4FJg8h1kEEDAqDcZQtbrRnB41A==, registry: https://registry.npm.taobao.org/, tarball: https://registry.npmmirror.com/@esbuild/linux-s390x/-/linux-s390x-0.21.5.tgz}
    name: '@esbuild/linux-s390x'
    version: 0.21.5
    engines: {node: '>=12'}
    cpu: [s390x]
    os: [linux]
    requiresBuild: true
    dev: true
    optional: true

  registry.npmmirror.com/@esbuild/linux-x64@0.21.5:
    resolution: {integrity: sha512-1rYdTpyv03iycF1+BhzrzQJCdOuAOtaqHTWJZCWvijKD2N5Xu0TtVC8/+1faWqcP9iBCWOmjmhoH94dH82BxPQ==, registry: https://registry.npm.taobao.org/, tarball: https://registry.npmmirror.com/@esbuild/linux-x64/-/linux-x64-0.21.5.tgz}
    name: '@esbuild/linux-x64'
    version: 0.21.5
    engines: {node: '>=12'}
    cpu: [x64]
    os: [linux]
    requiresBuild: true
    dev: true
    optional: true

  registry.npmmirror.com/@esbuild/netbsd-x64@0.21.5:
    resolution: {integrity: sha512-Woi2MXzXjMULccIwMnLciyZH4nCIMpWQAs049KEeMvOcNADVxo0UBIQPfSmxB3CWKedngg7sWZdLvLczpe0tLg==, registry: https://registry.npm.taobao.org/, tarball: https://registry.npmmirror.com/@esbuild/netbsd-x64/-/netbsd-x64-0.21.5.tgz}
    name: '@esbuild/netbsd-x64'
    version: 0.21.5
    engines: {node: '>=12'}
    cpu: [x64]
    os: [netbsd]
    requiresBuild: true
    dev: true
    optional: true

  registry.npmmirror.com/@esbuild/openbsd-x64@0.21.5:
    resolution: {integrity: sha512-HLNNw99xsvx12lFBUwoT8EVCsSvRNDVxNpjZ7bPn947b8gJPzeHWyNVhFsaerc0n3TsbOINvRP2byTZ5LKezow==, registry: https://registry.npm.taobao.org/, tarball: https://registry.npmmirror.com/@esbuild/openbsd-x64/-/openbsd-x64-0.21.5.tgz}
    name: '@esbuild/openbsd-x64'
    version: 0.21.5
    engines: {node: '>=12'}
    cpu: [x64]
    os: [openbsd]
    requiresBuild: true
    dev: true
    optional: true

  registry.npmmirror.com/@esbuild/sunos-x64@0.21.5:
    resolution: {integrity: sha512-6+gjmFpfy0BHU5Tpptkuh8+uw3mnrvgs+dSPQXQOv3ekbordwnzTVEb4qnIvQcYXq6gzkyTnoZ9dZG+D4garKg==, registry: https://registry.npm.taobao.org/, tarball: https://registry.npmmirror.com/@esbuild/sunos-x64/-/sunos-x64-0.21.5.tgz}
    name: '@esbuild/sunos-x64'
    version: 0.21.5
    engines: {node: '>=12'}
    cpu: [x64]
    os: [sunos]
    requiresBuild: true
    dev: true
    optional: true

  registry.npmmirror.com/@esbuild/win32-arm64@0.21.5:
    resolution: {integrity: sha512-Z0gOTd75VvXqyq7nsl93zwahcTROgqvuAcYDUr+vOv8uHhNSKROyU961kgtCD1e95IqPKSQKH7tBTslnS3tA8A==, registry: https://registry.npm.taobao.org/, tarball: https://registry.npmmirror.com/@esbuild/win32-arm64/-/win32-arm64-0.21.5.tgz}
    name: '@esbuild/win32-arm64'
    version: 0.21.5
    engines: {node: '>=12'}
    cpu: [arm64]
    os: [win32]
    requiresBuild: true
    dev: true
    optional: true

  registry.npmmirror.com/@esbuild/win32-ia32@0.21.5:
    resolution: {integrity: sha512-SWXFF1CL2RVNMaVs+BBClwtfZSvDgtL//G/smwAc5oVK/UPu2Gu9tIaRgFmYFFKrmg3SyAjSrElf0TiJ1v8fYA==, registry: https://registry.npm.taobao.org/, tarball: https://registry.npmmirror.com/@esbuild/win32-ia32/-/win32-ia32-0.21.5.tgz}
    name: '@esbuild/win32-ia32'
    version: 0.21.5
    engines: {node: '>=12'}
    cpu: [ia32]
    os: [win32]
    requiresBuild: true
    dev: true
    optional: true

  registry.npmmirror.com/@esbuild/win32-x64@0.21.5:
    resolution: {integrity: sha512-tQd/1efJuzPC6rCFwEvLtci/xNFcTZknmXs98FYDfGE4wP9ClFV98nyKrzJKVPMhdDnjzLhdUyMX4PsQAPjwIw==, registry: https://registry.npm.taobao.org/, tarball: https://registry.npmmirror.com/@esbuild/win32-x64/-/win32-x64-0.21.5.tgz}
    name: '@esbuild/win32-x64'
    version: 0.21.5
    engines: {node: '>=12'}
    cpu: [x64]
    os: [win32]
    requiresBuild: true
    dev: true
    optional: true

  registry.npmmirror.com/@jridgewell/sourcemap-codec@1.5.0:
    resolution: {integrity: sha512-gv3ZRaISU3fjPAgNsriBRqGWQL6quFx04YMPW/zD8XMLsU32mhCCbfbO6KZFLjvYpCZ8zyDEgqsgf+PwPaM7GQ==, registry: https://registry.npm.taobao.org/, tarball: https://registry.npmmirror.com/@jridgewell/sourcemap-codec/-/sourcemap-codec-1.5.0.tgz}
    name: '@jridgewell/sourcemap-codec'
    version: 1.5.0

  registry.npmmirror.com/@rollup/rollup-android-arm-eabi@4.19.1:
    resolution: {integrity: sha512-XzqSg714++M+FXhHfXpS1tDnNZNpgxxuGZWlRG/jSj+VEPmZ0yg6jV4E0AL3uyBKxO8mO3xtOsP5mQ+XLfrlww==, registry: https://registry.npm.taobao.org/, tarball: https://registry.npmmirror.com/@rollup/rollup-android-arm-eabi/-/rollup-android-arm-eabi-4.19.1.tgz}
    name: '@rollup/rollup-android-arm-eabi'
    version: 4.19.1
    cpu: [arm]
    os: [android]
    requiresBuild: true
    dev: true
    optional: true

  registry.npmmirror.com/@rollup/rollup-android-arm64@4.19.1:
    resolution: {integrity: sha512-thFUbkHteM20BGShD6P08aungq4irbIZKUNbG70LN8RkO7YztcGPiKTTGZS7Kw+x5h8hOXs0i4OaHwFxlpQN6A==, registry: https://registry.npm.taobao.org/, tarball: https://registry.npmmirror.com/@rollup/rollup-android-arm64/-/rollup-android-arm64-4.19.1.tgz}
    name: '@rollup/rollup-android-arm64'
    version: 4.19.1
    cpu: [arm64]
    os: [android]
    requiresBuild: true
    dev: true
    optional: true

  registry.npmmirror.com/@rollup/rollup-darwin-arm64@4.19.1:
    resolution: {integrity: sha512-8o6eqeFZzVLia2hKPUZk4jdE3zW7LCcZr+MD18tXkgBBid3lssGVAYuox8x6YHoEPDdDa9ixTaStcmx88lio5Q==, registry: https://registry.npm.taobao.org/, tarball: https://registry.npmmirror.com/@rollup/rollup-darwin-arm64/-/rollup-darwin-arm64-4.19.1.tgz}
    name: '@rollup/rollup-darwin-arm64'
    version: 4.19.1
    cpu: [arm64]
    os: [darwin]
    requiresBuild: true
    dev: true
    optional: true

  registry.npmmirror.com/@rollup/rollup-darwin-x64@4.19.1:
    resolution: {integrity: sha512-4T42heKsnbjkn7ovYiAdDVRRWZLU9Kmhdt6HafZxFcUdpjlBlxj4wDrt1yFWLk7G4+E+8p2C9tcmSu0KA6auGA==, registry: https://registry.npm.taobao.org/, tarball: https://registry.npmmirror.com/@rollup/rollup-darwin-x64/-/rollup-darwin-x64-4.19.1.tgz}
    name: '@rollup/rollup-darwin-x64'
    version: 4.19.1
    cpu: [x64]
    os: [darwin]
    requiresBuild: true
    dev: true
    optional: true

  registry.npmmirror.com/@rollup/rollup-linux-arm-gnueabihf@4.19.1:
    resolution: {integrity: sha512-MXg1xp+e5GhZ3Vit1gGEyoC+dyQUBy2JgVQ+3hUrD9wZMkUw/ywgkpK7oZgnB6kPpGrxJ41clkPPnsknuD6M2Q==, registry: https://registry.npm.taobao.org/, tarball: https://registry.npmmirror.com/@rollup/rollup-linux-arm-gnueabihf/-/rollup-linux-arm-gnueabihf-4.19.1.tgz}
    name: '@rollup/rollup-linux-arm-gnueabihf'
    version: 4.19.1
    cpu: [arm]
    os: [linux]
    libc: [glibc]
    requiresBuild: true
    dev: true
    optional: true

  registry.npmmirror.com/@rollup/rollup-linux-arm-musleabihf@4.19.1:
    resolution: {integrity: sha512-DZNLwIY4ftPSRVkJEaxYkq7u2zel7aah57HESuNkUnz+3bZHxwkCUkrfS2IWC1sxK6F2QNIR0Qr/YXw7nkF3Pw==, registry: https://registry.npm.taobao.org/, tarball: https://registry.npmmirror.com/@rollup/rollup-linux-arm-musleabihf/-/rollup-linux-arm-musleabihf-4.19.1.tgz}
    name: '@rollup/rollup-linux-arm-musleabihf'
    version: 4.19.1
    cpu: [arm]
    os: [linux]
    libc: [musl]
    requiresBuild: true
    dev: true
    optional: true

  registry.npmmirror.com/@rollup/rollup-linux-arm64-gnu@4.19.1:
    resolution: {integrity: sha512-C7evongnjyxdngSDRRSQv5GvyfISizgtk9RM+z2biV5kY6S/NF/wta7K+DanmktC5DkuaJQgoKGf7KUDmA7RUw==, registry: https://registry.npm.taobao.org/, tarball: https://registry.npmmirror.com/@rollup/rollup-linux-arm64-gnu/-/rollup-linux-arm64-gnu-4.19.1.tgz}
    name: '@rollup/rollup-linux-arm64-gnu'
    version: 4.19.1
    cpu: [arm64]
    os: [linux]
    libc: [glibc]
    requiresBuild: true
    dev: true
    optional: true

  registry.npmmirror.com/@rollup/rollup-linux-arm64-musl@4.19.1:
    resolution: {integrity: sha512-89tFWqxfxLLHkAthAcrTs9etAoBFRduNfWdl2xUs/yLV+7XDrJ5yuXMHptNqf1Zw0UCA3cAutkAiAokYCkaPtw==, registry: https://registry.npm.taobao.org/, tarball: https://registry.npmmirror.com/@rollup/rollup-linux-arm64-musl/-/rollup-linux-arm64-musl-4.19.1.tgz}
    name: '@rollup/rollup-linux-arm64-musl'
    version: 4.19.1
    cpu: [arm64]
    os: [linux]
    libc: [musl]
    requiresBuild: true
    dev: true
    optional: true

  registry.npmmirror.com/@rollup/rollup-linux-powerpc64le-gnu@4.19.1:
    resolution: {integrity: sha512-PromGeV50sq+YfaisG8W3fd+Cl6mnOOiNv2qKKqKCpiiEke2KiKVyDqG/Mb9GWKbYMHj5a01fq/qlUR28PFhCQ==, registry: https://registry.npm.taobao.org/, tarball: https://registry.npmmirror.com/@rollup/rollup-linux-powerpc64le-gnu/-/rollup-linux-powerpc64le-gnu-4.19.1.tgz}
    name: '@rollup/rollup-linux-powerpc64le-gnu'
    version: 4.19.1
    cpu: [ppc64]
    os: [linux]
    libc: [glibc]
    requiresBuild: true
    dev: true
    optional: true

  registry.npmmirror.com/@rollup/rollup-linux-riscv64-gnu@4.19.1:
    resolution: {integrity: sha512-/1BmHYh+iz0cNCP0oHCuF8CSiNj0JOGf0jRlSo3L/FAyZyG2rGBuKpkZVH9YF+x58r1jgWxvm1aRg3DHrLDt6A==, registry: https://registry.npm.taobao.org/, tarball: https://registry.npmmirror.com/@rollup/rollup-linux-riscv64-gnu/-/rollup-linux-riscv64-gnu-4.19.1.tgz}
    name: '@rollup/rollup-linux-riscv64-gnu'
    version: 4.19.1
    cpu: [riscv64]
    os: [linux]
    libc: [glibc]
    requiresBuild: true
    dev: true
    optional: true

  registry.npmmirror.com/@rollup/rollup-linux-s390x-gnu@4.19.1:
    resolution: {integrity: sha512-0cYP5rGkQWRZKy9/HtsWVStLXzCF3cCBTRI+qRL8Z+wkYlqN7zrSYm6FuY5Kd5ysS5aH0q5lVgb/WbG4jqXN1Q==, registry: https://registry.npm.taobao.org/, tarball: https://registry.npmmirror.com/@rollup/rollup-linux-s390x-gnu/-/rollup-linux-s390x-gnu-4.19.1.tgz}
    name: '@rollup/rollup-linux-s390x-gnu'
    version: 4.19.1
    cpu: [s390x]
    os: [linux]
    libc: [glibc]
    requiresBuild: true
    dev: true
    optional: true

  registry.npmmirror.com/@rollup/rollup-linux-x64-gnu@4.19.1:
    resolution: {integrity: sha512-XUXeI9eM8rMP8aGvii/aOOiMvTs7xlCosq9xCjcqI9+5hBxtjDpD+7Abm1ZhVIFE1J2h2VIg0t2DX/gjespC2Q==, registry: https://registry.npm.taobao.org/, tarball: https://registry.npmmirror.com/@rollup/rollup-linux-x64-gnu/-/rollup-linux-x64-gnu-4.19.1.tgz}
    name: '@rollup/rollup-linux-x64-gnu'
    version: 4.19.1
    cpu: [x64]
    os: [linux]
    libc: [glibc]
    requiresBuild: true
    dev: true
    optional: true

  registry.npmmirror.com/@rollup/rollup-linux-x64-musl@4.19.1:
    resolution: {integrity: sha512-V7cBw/cKXMfEVhpSvVZhC+iGifD6U1zJ4tbibjjN+Xi3blSXaj/rJynAkCFFQfoG6VZrAiP7uGVzL440Q6Me2Q==, registry: https://registry.npm.taobao.org/, tarball: https://registry.npmmirror.com/@rollup/rollup-linux-x64-musl/-/rollup-linux-x64-musl-4.19.1.tgz}
    name: '@rollup/rollup-linux-x64-musl'
    version: 4.19.1
    cpu: [x64]
    os: [linux]
    libc: [musl]
    requiresBuild: true
    dev: true
    optional: true

  registry.npmmirror.com/@rollup/rollup-win32-arm64-msvc@4.19.1:
    resolution: {integrity: sha512-88brja2vldW/76jWATlBqHEoGjJLRnP0WOEKAUbMcXaAZnemNhlAHSyj4jIwMoP2T750LE9lblvD4e2jXleZsA==, registry: https://registry.npm.taobao.org/, tarball: https://registry.npmmirror.com/@rollup/rollup-win32-arm64-msvc/-/rollup-win32-arm64-msvc-4.19.1.tgz}
    name: '@rollup/rollup-win32-arm64-msvc'
    version: 4.19.1
    cpu: [arm64]
    os: [win32]
    requiresBuild: true
    dev: true
    optional: true

  registry.npmmirror.com/@rollup/rollup-win32-ia32-msvc@4.19.1:
    resolution: {integrity: sha512-LdxxcqRVSXi6k6JUrTah1rHuaupoeuiv38du8Mt4r4IPer3kwlTo+RuvfE8KzZ/tL6BhaPlzJ3835i6CxrFIRQ==, registry: https://registry.npm.taobao.org/, tarball: https://registry.npmmirror.com/@rollup/rollup-win32-ia32-msvc/-/rollup-win32-ia32-msvc-4.19.1.tgz}
    name: '@rollup/rollup-win32-ia32-msvc'
    version: 4.19.1
    cpu: [ia32]
    os: [win32]
    requiresBuild: true
    dev: true
    optional: true

  registry.npmmirror.com/@rollup/rollup-win32-x64-msvc@4.19.1:
    resolution: {integrity: sha512-2bIrL28PcK3YCqD9anGxDxamxdiJAxA+l7fWIwM5o8UqNy1t3d1NdAweO2XhA0KTDJ5aH1FsuiT5+7VhtHliXg==, registry: https://registry.npm.taobao.org/, tarball: https://registry.npmmirror.com/@rollup/rollup-win32-x64-msvc/-/rollup-win32-x64-msvc-4.19.1.tgz}
    name: '@rollup/rollup-win32-x64-msvc'
    version: 4.19.1
    cpu: [x64]
    os: [win32]
    requiresBuild: true
    dev: true
    optional: true

  registry.npmmirror.com/@types/estree@1.0.5:
    resolution: {integrity: sha512-/kYRxGDLWzHOB7q+wtSUQlFrtcdUccpfy+X+9iMBpHK8QLLhx2wIPYuS5DYtR9Wa/YlZAbIovy7qVdB1Aq6Lyw==, registry: https://registry.npm.taobao.org/, tarball: https://registry.npmmirror.com/@types/estree/-/estree-1.0.5.tgz}
    name: '@types/estree'
    version: 1.0.5
    dev: true

  registry.npmmirror.com/@vitejs/plugin-vue@5.0.5(vite@5.3.4)(vue@3.4.31):
    resolution: {integrity: sha512-LOjm7XeIimLBZyzinBQ6OSm3UBCNVCpLkxGC0oWmm2YPzVZoxMsdvNVimLTBzpAnR9hl/yn1SHGuRfe6/Td9rQ==, registry: https://registry.npm.taobao.org/, tarball: https://registry.npmmirror.com/@vitejs/plugin-vue/-/plugin-vue-5.0.5.tgz}
    id: registry.npmmirror.com/@vitejs/plugin-vue/5.0.5
    name: '@vitejs/plugin-vue'
    version: 5.0.5
    engines: {node: ^18.0.0 || >=20.0.0}
    peerDependencies:
      vite: ^5.0.0
      vue: ^3.2.25
    dependencies:
      vite: registry.npmmirror.com/vite@5.3.4
      vue: registry.npmmirror.com/vue@3.4.31(typescript@5.2.2)
    dev: true

  registry.npmmirror.com/@volar/language-core@2.4.0-alpha.18:
    resolution: {integrity: sha512-JAYeJvYQQROmVRtSBIczaPjP3DX4QW1fOqW1Ebs0d3Y3EwSNRglz03dSv0Dm61dzd0Yx3WgTW3hndDnTQqgmyg==, registry: https://registry.npm.taobao.org/, tarball: https://registry.npmmirror.com/@volar/language-core/-/language-core-2.4.0-alpha.18.tgz}
    name: '@volar/language-core'
    version: 2.4.0-alpha.18
    dependencies:
      '@volar/source-map': registry.npmmirror.com/@volar/source-map@2.4.0-alpha.18
    dev: true

  registry.npmmirror.com/@volar/source-map@2.4.0-alpha.18:
    resolution: {integrity: sha512-MTeCV9MUwwsH0sNFiZwKtFrrVZUK6p8ioZs3xFzHc2cvDXHWlYN3bChdQtwKX+FY2HG6H3CfAu1pKijolzIQ8g==, registry: https://registry.npm.taobao.org/, tarball: https://registry.npmmirror.com/@volar/source-map/-/source-map-2.4.0-alpha.18.tgz}
    name: '@volar/source-map'
    version: 2.4.0-alpha.18
    dev: true

  registry.npmmirror.com/@volar/typescript@2.4.0-alpha.18:
    resolution: {integrity: sha512-sXh5Y8sqGUkgxpMWUGvRXggxYHAVxg0Pa1C42lQZuPDrW6vHJPR0VCK8Sr7WJsAW530HuNQT/ZIskmXtxjybMQ==, registry: https://registry.npm.taobao.org/, tarball: https://registry.npmmirror.com/@volar/typescript/-/typescript-2.4.0-alpha.18.tgz}
    name: '@volar/typescript'
    version: 2.4.0-alpha.18
    dependencies:
      '@volar/language-core': registry.npmmirror.com/@volar/language-core@2.4.0-alpha.18
      path-browserify: registry.npmmirror.com/path-browserify@1.0.1
      vscode-uri: registry.npmmirror.com/vscode-uri@3.0.8
    dev: true

  registry.npmmirror.com/@vue/compiler-core@3.4.31:
    resolution: {integrity: sha512-skOiodXWTV3DxfDhB4rOf3OGalpITLlgCeOwb+Y9GJpfQ8ErigdBUHomBzvG78JoVE8MJoQsb+qhZiHfKeNeEg==, registry: https://registry.npm.taobao.org/, tarball: https://registry.npmmirror.com/@vue/compiler-core/-/compiler-core-3.4.31.tgz}
    name: '@vue/compiler-core'
    version: 3.4.31
    dependencies:
      '@babel/parser': registry.npmmirror.com/@babel/parser@7.25.0
      '@vue/shared': registry.npmmirror.com/@vue/shared@3.4.31
      entities: registry.npmmirror.com/entities@4.5.0
      estree-walker: registry.npmmirror.com/estree-walker@2.0.2
      source-map-js: registry.npmmirror.com/source-map-js@1.2.0

  registry.npmmirror.com/@vue/compiler-core@3.4.34:
    resolution: {integrity: sha512-Z0izUf32+wAnQewjHu+pQf1yw00EGOmevl1kE+ljjjMe7oEfpQ+BI3/JNK7yMB4IrUsqLDmPecUrpj3mCP+yJQ==, registry: https://registry.npm.taobao.org/, tarball: https://registry.npmmirror.com/@vue/compiler-core/-/compiler-core-3.4.34.tgz}
    name: '@vue/compiler-core'
    version: 3.4.34
    dependencies:
      '@babel/parser': registry.npmmirror.com/@babel/parser@7.25.0
      '@vue/shared': registry.npmmirror.com/@vue/shared@3.4.34
      entities: registry.npmmirror.com/entities@4.5.0
      estree-walker: registry.npmmirror.com/estree-walker@2.0.2
      source-map-js: registry.npmmirror.com/source-map-js@1.2.0
    dev: true

  registry.npmmirror.com/@vue/compiler-dom@3.4.31:
    resolution: {integrity: sha512-wK424WMXsG1IGMyDGyLqB+TbmEBFM78hIsOJ9QwUVLGrcSk0ak6zYty7Pj8ftm7nEtdU/DGQxAXp0/lM/2cEpQ==, registry: https://registry.npm.taobao.org/, tarball: https://registry.npmmirror.com/@vue/compiler-dom/-/compiler-dom-3.4.31.tgz}
    name: '@vue/compiler-dom'
    version: 3.4.31
    dependencies:
      '@vue/compiler-core': registry.npmmirror.com/@vue/compiler-core@3.4.31
      '@vue/shared': registry.npmmirror.com/@vue/shared@3.4.31

  registry.npmmirror.com/@vue/compiler-dom@3.4.34:
    resolution: {integrity: sha512-3PUOTS1h5cskdOJMExCu2TInXuM0j60DRPpSCJDqOCupCfUZCJoyQmKtRmA8EgDNZ5kcEE7vketamRZfrEuVDw==, registry: https://registry.npm.taobao.org/, tarball: https://registry.npmmirror.com/@vue/compiler-dom/-/compiler-dom-3.4.34.tgz}
    name: '@vue/compiler-dom'
    version: 3.4.34
    dependencies:
      '@vue/compiler-core': registry.npmmirror.com/@vue/compiler-core@3.4.34
      '@vue/shared': registry.npmmirror.com/@vue/shared@3.4.34
    dev: true

  registry.npmmirror.com/@vue/compiler-sfc@3.4.31:
    resolution: {integrity: sha512-einJxqEw8IIJxzmnxmJBuK2usI+lJonl53foq+9etB2HAzlPjAS/wa7r0uUpXw5ByX3/0uswVSrjNb17vJm1kQ==, registry: https://registry.npm.taobao.org/, tarball: https://registry.npmmirror.com/@vue/compiler-sfc/-/compiler-sfc-3.4.31.tgz}
    name: '@vue/compiler-sfc'
    version: 3.4.31
    dependencies:
      '@babel/parser': registry.npmmirror.com/@babel/parser@7.25.0
      '@vue/compiler-core': registry.npmmirror.com/@vue/compiler-core@3.4.31
      '@vue/compiler-dom': registry.npmmirror.com/@vue/compiler-dom@3.4.31
      '@vue/compiler-ssr': registry.npmmirror.com/@vue/compiler-ssr@3.4.31
      '@vue/shared': registry.npmmirror.com/@vue/shared@3.4.31
      estree-walker: registry.npmmirror.com/estree-walker@2.0.2
      magic-string: registry.npmmirror.com/magic-string@0.30.11
      postcss: registry.npmmirror.com/postcss@8.4.40
      source-map-js: registry.npmmirror.com/source-map-js@1.2.0

  registry.npmmirror.com/@vue/compiler-ssr@3.4.31:
    resolution: {integrity: sha512-RtefmITAje3fJ8FSg1gwgDhdKhZVntIVbwupdyZDSifZTRMiWxWehAOTCc8/KZDnBOcYQ4/9VWxsTbd3wT0hAA==, registry: https://registry.npm.taobao.org/, tarball: https://registry.npmmirror.com/@vue/compiler-ssr/-/compiler-ssr-3.4.31.tgz}
    name: '@vue/compiler-ssr'
    version: 3.4.31
    dependencies:
      '@vue/compiler-dom': registry.npmmirror.com/@vue/compiler-dom@3.4.31
      '@vue/shared': registry.npmmirror.com/@vue/shared@3.4.31

  registry.npmmirror.com/@vue/devtools-api@6.6.3:
    resolution: {integrity: sha512-0MiMsFma/HqA6g3KLKn+AGpL1kgKhFWszC9U29NfpWK5LE7bjeXxySWJrOJ77hBz+TBrBQ7o4QJqbPbqbs8rJw==, registry: https://registry.npm.taobao.org/, tarball: https://registry.npmmirror.com/@vue/devtools-api/-/devtools-api-6.6.3.tgz}
    name: '@vue/devtools-api'
    version: 6.6.3
    dev: false

  registry.npmmirror.com/@vue/language-core@2.0.24(typescript@5.2.2):
    resolution: {integrity: sha512-997YD6Lq/66LXr3ZOLNxDCmyn13z9NP8LU1UZn9hGCDWhzlbXAIP0hOgL3w3x4RKEaWTaaRtsHP9DzHvmduruQ==, registry: https://registry.npm.taobao.org/, tarball: https://registry.npmmirror.com/@vue/language-core/-/language-core-2.0.24.tgz}
    id: registry.npmmirror.com/@vue/language-core/2.0.24
    name: '@vue/language-core'
    version: 2.0.24
    peerDependencies:
      typescript: '*'
    peerDependenciesMeta:
      typescript:
        optional: true
    dependencies:
      '@volar/language-core': registry.npmmirror.com/@volar/language-core@2.4.0-alpha.18
      '@vue/compiler-dom': registry.npmmirror.com/@vue/compiler-dom@3.4.34
      '@vue/shared': registry.npmmirror.com/@vue/shared@3.4.34
      computeds: registry.npmmirror.com/computeds@0.0.1
      minimatch: registry.npmmirror.com/minimatch@9.0.5
      muggle-string: registry.npmmirror.com/muggle-string@0.4.1
      path-browserify: registry.npmmirror.com/path-browserify@1.0.1
      typescript: registry.npmmirror.com/typescript@5.2.2
      vue-template-compiler: registry.npmmirror.com/vue-template-compiler@2.7.16
    dev: true

  registry.npmmirror.com/@vue/reactivity@3.4.31:
    resolution: {integrity: sha512-VGkTani8SOoVkZNds1PfJ/T1SlAIOf8E58PGAhIOUDYPC4GAmFA2u/E14TDAFcf3vVDKunc4QqCe/SHr8xC65Q==, registry: https://registry.npm.taobao.org/, tarball: https://registry.npmmirror.com/@vue/reactivity/-/reactivity-3.4.31.tgz}
    name: '@vue/reactivity'
    version: 3.4.31
    dependencies:
      '@vue/shared': registry.npmmirror.com/@vue/shared@3.4.31

  registry.npmmirror.com/@vue/runtime-core@3.4.31:
    resolution: {integrity: sha512-LDkztxeUPazxG/p8c5JDDKPfkCDBkkiNLVNf7XZIUnJ+66GVGkP+TIh34+8LtPisZ+HMWl2zqhIw0xN5MwU1cw==, registry: https://registry.npm.taobao.org/, tarball: https://registry.npmmirror.com/@vue/runtime-core/-/runtime-core-3.4.31.tgz}
    name: '@vue/runtime-core'
    version: 3.4.31
    dependencies:
      '@vue/reactivity': registry.npmmirror.com/@vue/reactivity@3.4.31
      '@vue/shared': registry.npmmirror.com/@vue/shared@3.4.31

  registry.npmmirror.com/@vue/runtime-dom@3.4.31:
    resolution: {integrity: sha512-2Auws3mB7+lHhTFCg8E9ZWopA6Q6L455EcU7bzcQ4x6Dn4cCPuqj6S2oBZgN2a8vJRS/LSYYxwFFq2Hlx3Fsaw==, registry: https://registry.npm.taobao.org/, tarball: https://registry.npmmirror.com/@vue/runtime-dom/-/runtime-dom-3.4.31.tgz}
    name: '@vue/runtime-dom'
    version: 3.4.31
    dependencies:
      '@vue/reactivity': registry.npmmirror.com/@vue/reactivity@3.4.31
      '@vue/runtime-core': registry.npmmirror.com/@vue/runtime-core@3.4.31
      '@vue/shared': registry.npmmirror.com/@vue/shared@3.4.31
      csstype: registry.npmmirror.com/csstype@3.1.3

  registry.npmmirror.com/@vue/server-renderer@3.4.31(vue@3.4.31):
    resolution: {integrity: sha512-D5BLbdvrlR9PE3by9GaUp1gQXlCNadIZytMIb8H2h3FMWJd4oUfkUTEH2wAr3qxoRz25uxbTcbqd3WKlm9EHQA==, registry: https://registry.npm.taobao.org/, tarball: https://registry.npmmirror.com/@vue/server-renderer/-/server-renderer-3.4.31.tgz}
    id: registry.npmmirror.com/@vue/server-renderer/3.4.31
    name: '@vue/server-renderer'
    version: 3.4.31
    peerDependencies:
      vue: 3.4.31
    dependencies:
      '@vue/compiler-ssr': registry.npmmirror.com/@vue/compiler-ssr@3.4.31
      '@vue/shared': registry.npmmirror.com/@vue/shared@3.4.31
      vue: registry.npmmirror.com/vue@3.4.31(typescript@5.2.2)

  registry.npmmirror.com/@vue/shared@3.4.31:
    resolution: {integrity: sha512-Yp3wtJk//8cO4NItOPpi3QkLExAr/aLBGZMmTtW9WpdwBCJpRM6zj9WgWktXAl8IDIozwNMByT45JP3tO3ACWA==, registry: https://registry.npm.taobao.org/, tarball: https://registry.npmmirror.com/@vue/shared/-/shared-3.4.31.tgz}
    name: '@vue/shared'
    version: 3.4.31

  registry.npmmirror.com/@vue/shared@3.4.34:
    resolution: {integrity: sha512-x5LmiRLpRsd9KTjAB8MPKf0CDPMcuItjP0gbNqFCIgL1I8iYp4zglhj9w9FPCdIbHG2M91RVeIbArFfFTz9I3A==, registry: https://registry.npm.taobao.org/, tarball: https://registry.npmmirror.com/@vue/shared/-/shared-3.4.34.tgz}
    name: '@vue/shared'
    version: 3.4.34
    dev: true

  registry.npmmirror.com/balanced-match@1.0.2:
    resolution: {integrity: sha512-3oSeUO0TMV67hN1AmbXsK4yaqU7tjiHlbxRDZOpH0KW9+CeX4bRAaX0Anxt0tx2MrpRpWwQaPwIlISEJhYU5Pw==, registry: https://registry.npm.taobao.org/, tarball: https://registry.npmmirror.com/balanced-match/-/balanced-match-1.0.2.tgz}
    name: balanced-match
    version: 1.0.2
    dev: true

  registry.npmmirror.com/brace-expansion@2.0.1:
    resolution: {integrity: sha512-XnAIvQ8eM+kC6aULx6wuQiwVsnzsi9d3WxzV3FpWTGA19F621kwdbsAcFKXgKUHZWsy+mY6iL1sHTxWEFCytDA==, registry: https://registry.npm.taobao.org/, tarball: https://registry.npmmirror.com/brace-expansion/-/brace-expansion-2.0.1.tgz}
    name: brace-expansion
    version: 2.0.1
    dependencies:
      balanced-match: registry.npmmirror.com/balanced-match@1.0.2
    dev: true

  registry.npmmirror.com/computeds@0.0.1:
    resolution: {integrity: sha512-7CEBgcMjVmitjYo5q8JTJVra6X5mQ20uTThdK+0kR7UEaDrAWEQcRiBtWJzga4eRpP6afNwwLsX2SET2JhVB1Q==, registry: https://registry.npm.taobao.org/, tarball: https://registry.npmmirror.com/computeds/-/computeds-0.0.1.tgz}
    name: computeds
    version: 0.0.1
    dev: true

  registry.npmmirror.com/csstype@3.1.3:
    resolution: {integrity: sha512-M1uQkMl8rQK/szD0LNhtqxIPLpimGm8sOBwU7lLnCpSbTyY3yeU1Vc7l4KT5zT4s/yOxHH5O7tIuuLOCnLADRw==, registry: https://registry.npm.taobao.org/, tarball: https://registry.npmmirror.com/csstype/-/csstype-3.1.3.tgz}
    name: csstype
    version: 3.1.3

  registry.npmmirror.com/de-indent@1.0.2:
    resolution: {integrity: sha512-e/1zu3xH5MQryN2zdVaF0OrdNLUbvWxzMbi+iNA6Bky7l1RoP8a2fIbRocyHclXt/arDrrR6lL3TqFD9pMQTsg==, registry: https://registry.npm.taobao.org/, tarball: https://registry.npmmirror.com/de-indent/-/de-indent-1.0.2.tgz}
    name: de-indent
    version: 1.0.2
    dev: true

  registry.npmmirror.com/entities@4.5.0:
    resolution: {integrity: sha512-V0hjH4dGPh9Ao5p0MoRY6BVqtwCjhz6vI5LT8AJ55H+4g9/4vbHx1I54fS0XuclLhDHArPQCiMjDxjaL8fPxhw==, registry: https://registry.npm.taobao.org/, tarball: https://registry.npmmirror.com/entities/-/entities-4.5.0.tgz}
    name: entities
    version: 4.5.0
    engines: {node: '>=0.12'}

  registry.npmmirror.com/esbuild@0.21.5:
    resolution: {integrity: sha512-mg3OPMV4hXywwpoDxu3Qda5xCKQi+vCTZq8S9J/EpkhB2HzKXq4SNFZE3+NK93JYxc8VMSep+lOUSC/RVKaBqw==, registry: https://registry.npm.taobao.org/, tarball: https://registry.npmmirror.com/esbuild/-/esbuild-0.21.5.tgz}
    name: esbuild
    version: 0.21.5
    engines: {node: '>=12'}
    hasBin: true
    requiresBuild: true
    optionalDependencies:
      '@esbuild/aix-ppc64': registry.npmmirror.com/@esbuild/aix-ppc64@0.21.5
      '@esbuild/android-arm': registry.npmmirror.com/@esbuild/android-arm@0.21.5
      '@esbuild/android-arm64': registry.npmmirror.com/@esbuild/android-arm64@0.21.5
      '@esbuild/android-x64': registry.npmmirror.com/@esbuild/android-x64@0.21.5
      '@esbuild/darwin-arm64': registry.npmmirror.com/@esbuild/darwin-arm64@0.21.5
      '@esbuild/darwin-x64': registry.npmmirror.com/@esbuild/darwin-x64@0.21.5
      '@esbuild/freebsd-arm64': registry.npmmirror.com/@esbuild/freebsd-arm64@0.21.5
      '@esbuild/freebsd-x64': registry.npmmirror.com/@esbuild/freebsd-x64@0.21.5
      '@esbuild/linux-arm': registry.npmmirror.com/@esbuild/linux-arm@0.21.5
      '@esbuild/linux-arm64': registry.npmmirror.com/@esbuild/linux-arm64@0.21.5
      '@esbuild/linux-ia32': registry.npmmirror.com/@esbuild/linux-ia32@0.21.5
      '@esbuild/linux-loong64': registry.npmmirror.com/@esbuild/linux-loong64@0.21.5
      '@esbuild/linux-mips64el': registry.npmmirror.com/@esbuild/linux-mips64el@0.21.5
      '@esbuild/linux-ppc64': registry.npmmirror.com/@esbuild/linux-ppc64@0.21.5
      '@esbuild/linux-riscv64': registry.npmmirror.com/@esbuild/linux-riscv64@0.21.5
      '@esbuild/linux-s390x': registry.npmmirror.com/@esbuild/linux-s390x@0.21.5
      '@esbuild/linux-x64': registry.npmmirror.com/@esbuild/linux-x64@0.21.5
      '@esbuild/netbsd-x64': registry.npmmirror.com/@esbuild/netbsd-x64@0.21.5
      '@esbuild/openbsd-x64': registry.npmmirror.com/@esbuild/openbsd-x64@0.21.5
      '@esbuild/sunos-x64': registry.npmmirror.com/@esbuild/sunos-x64@0.21.5
      '@esbuild/win32-arm64': registry.npmmirror.com/@esbuild/win32-arm64@0.21.5
      '@esbuild/win32-ia32': registry.npmmirror.com/@esbuild/win32-ia32@0.21.5
      '@esbuild/win32-x64': registry.npmmirror.com/@esbuild/win32-x64@0.21.5
    dev: true

  registry.npmmirror.com/estree-walker@2.0.2:
    resolution: {integrity: sha512-Rfkk/Mp/DL7JVje3u18FxFujQlTNR2q6QfMSMB7AvCBx91NGj/ba3kCfza0f6dVDbw7YlRf/nDrn7pQrCCyQ/w==, registry: https://registry.npm.taobao.org/, tarball: https://registry.npmmirror.com/estree-walker/-/estree-walker-2.0.2.tgz}
    name: estree-walker
    version: 2.0.2

  registry.npmmirror.com/fsevents@2.3.3:
    resolution: {integrity: sha512-5xoDfX+fL7faATnagmWPpbFtwh/R77WmMMqqHGS65C3vvB0YHrgF+B1YmZ3441tMj5n63k0212XNoJwzlhffQw==, registry: https://registry.npm.taobao.org/, tarball: https://registry.npmmirror.com/fsevents/-/fsevents-2.3.3.tgz}
    name: fsevents
    version: 2.3.3
    engines: {node: ^8.16.0 || ^10.6.0 || >=11.0.0}
    os: [darwin]
    requiresBuild: true
    dev: true
    optional: true

  registry.npmmirror.com/he@1.2.0:
    resolution: {integrity: sha512-F/1DnUGPopORZi0ni+CvrCgHQ5FyEAHRLSApuYWMmrbSwoN2Mn/7k+Gl38gJnR7yyDZk6WLXwiGod1JOWNDKGw==, registry: https://registry.npm.taobao.org/, tarball: https://registry.npmmirror.com/he/-/he-1.2.0.tgz}
    name: he
    version: 1.2.0
    hasBin: true
    dev: true

  registry.npmmirror.com/magic-string@0.30.11:
    resolution: {integrity: sha512-+Wri9p0QHMy+545hKww7YAu5NyzF8iomPL/RQazugQ9+Ez4Ic3mERMd8ZTX5rfK944j+560ZJi8iAwgak1Ac7A==, registry: https://registry.npm.taobao.org/, tarball: https://registry.npmmirror.com/magic-string/-/magic-string-0.30.11.tgz}
    name: magic-string
    version: 0.30.11
    dependencies:
      '@jridgewell/sourcemap-codec': registry.npmmirror.com/@jridgewell/sourcemap-codec@1.5.0

  registry.npmmirror.com/minimatch@9.0.5:
    resolution: {integrity: sha512-G6T0ZX48xgozx7587koeX9Ys2NYy6Gmv//P89sEte9V9whIapMNF4idKxnW2QtCcLiTWlb/wfCabAtAFWhhBow==, registry: https://registry.npm.taobao.org/, tarball: https://registry.npmmirror.com/minimatch/-/minimatch-9.0.5.tgz}
    name: minimatch
    version: 9.0.5
    engines: {node: '>=16 || 14 >=14.17'}
    dependencies:
      brace-expansion: registry.npmmirror.com/brace-expansion@2.0.1
    dev: true

  registry.npmmirror.com/muggle-string@0.4.1:
    resolution: {integrity: sha512-VNTrAak/KhO2i8dqqnqnAHOa3cYBwXEZe9h+D5h/1ZqFSTEFHdM65lR7RoIqq3tBBYavsOXV84NoHXZ0AkPyqQ==, registry: https://registry.npm.taobao.org/, tarball: https://registry.npmmirror.com/muggle-string/-/muggle-string-0.4.1.tgz}
    name: muggle-string
    version: 0.4.1
    dev: true

  registry.npmmirror.com/nanoid@3.3.7:
    resolution: {integrity: sha512-eSRppjcPIatRIMC1U6UngP8XFcz8MQWGQdt1MTBQ7NaAmvXDfvNxbvWV3x2y6CdEUciCSsDHDQZbhYaB8QEo2g==, registry: https://registry.npm.taobao.org/, tarball: https://registry.npmmirror.com/nanoid/-/nanoid-3.3.7.tgz}
    name: nanoid
    version: 3.3.7
    engines: {node: ^10 || ^12 || ^13.7 || ^14 || >=15.0.1}
    hasBin: true

  registry.npmmirror.com/path-browserify@1.0.1:
    resolution: {integrity: sha512-b7uo2UCUOYZcnF/3ID0lulOJi/bafxa1xPe7ZPsammBSpjSWQkjNxlt635YGS2MiR9GjvuXCtz2emr3jbsz98g==, registry: https://registry.npm.taobao.org/, tarball: https://registry.npmmirror.com/path-browserify/-/path-browserify-1.0.1.tgz}
    name: path-browserify
    version: 1.0.1
    dev: true

  registry.npmmirror.com/picocolors@1.0.1:
    resolution: {integrity: sha512-anP1Z8qwhkbmu7MFP5iTt+wQKXgwzf7zTyGlcdzabySa9vd0Xt392U0rVmz9poOaBj0uHJKyyo9/upk0HrEQew==, registry: https://registry.npm.taobao.org/, tarball: https://registry.npmmirror.com/picocolors/-/picocolors-1.0.1.tgz}
    name: picocolors
    version: 1.0.1

  registry.npmmirror.com/postcss@8.4.40:
    resolution: {integrity: sha512-YF2kKIUzAofPMpfH6hOi2cGnv/HrUlfucspc7pDyvv7kGdqXrfj8SCl/t8owkEgKEuu8ZcRjSOxFxVLqwChZ2Q==, registry: https://registry.npm.taobao.org/, tarball: https://registry.npmmirror.com/postcss/-/postcss-8.4.40.tgz}
    name: postcss
    version: 8.4.40
    engines: {node: ^10 || ^12 || >=14}
    dependencies:
      nanoid: registry.npmmirror.com/nanoid@3.3.7
      picocolors: registry.npmmirror.com/picocolors@1.0.1
      source-map-js: registry.npmmirror.com/source-map-js@1.2.0

  registry.npmmirror.com/rollup@4.19.1:
    resolution: {integrity: sha512-K5vziVlg7hTpYfFBI+91zHBEMo6jafYXpkMlqZjg7/zhIG9iHqazBf4xz9AVdjS9BruRn280ROqLI7G3OFRIlw==, registry: https://registry.npm.taobao.org/, tarball: https://registry.npmmirror.com/rollup/-/rollup-4.19.1.tgz}
    name: rollup
    version: 4.19.1
    engines: {node: '>=18.0.0', npm: '>=8.0.0'}
    hasBin: true
    dependencies:
      '@types/estree': registry.npmmirror.com/@types/estree@1.0.5
    optionalDependencies:
      '@rollup/rollup-android-arm-eabi': registry.npmmirror.com/@rollup/rollup-android-arm-eabi@4.19.1
      '@rollup/rollup-android-arm64': registry.npmmirror.com/@rollup/rollup-android-arm64@4.19.1
      '@rollup/rollup-darwin-arm64': registry.npmmirror.com/@rollup/rollup-darwin-arm64@4.19.1
      '@rollup/rollup-darwin-x64': registry.npmmirror.com/@rollup/rollup-darwin-x64@4.19.1
      '@rollup/rollup-linux-arm-gnueabihf': registry.npmmirror.com/@rollup/rollup-linux-arm-gnueabihf@4.19.1
      '@rollup/rollup-linux-arm-musleabihf': registry.npmmirror.com/@rollup/rollup-linux-arm-musleabihf@4.19.1
      '@rollup/rollup-linux-arm64-gnu': registry.npmmirror.com/@rollup/rollup-linux-arm64-gnu@4.19.1
      '@rollup/rollup-linux-arm64-musl': registry.npmmirror.com/@rollup/rollup-linux-arm64-musl@4.19.1
      '@rollup/rollup-linux-powerpc64le-gnu': registry.npmmirror.com/@rollup/rollup-linux-powerpc64le-gnu@4.19.1
      '@rollup/rollup-linux-riscv64-gnu': registry.npmmirror.com/@rollup/rollup-linux-riscv64-gnu@4.19.1
      '@rollup/rollup-linux-s390x-gnu': registry.npmmirror.com/@rollup/rollup-linux-s390x-gnu@4.19.1
      '@rollup/rollup-linux-x64-gnu': registry.npmmirror.com/@rollup/rollup-linux-x64-gnu@4.19.1
      '@rollup/rollup-linux-x64-musl': registry.npmmirror.com/@rollup/rollup-linux-x64-musl@4.19.1
      '@rollup/rollup-win32-arm64-msvc': registry.npmmirror.com/@rollup/rollup-win32-arm64-msvc@4.19.1
      '@rollup/rollup-win32-ia32-msvc': registry.npmmirror.com/@rollup/rollup-win32-ia32-msvc@4.19.1
      '@rollup/rollup-win32-x64-msvc': registry.npmmirror.com/@rollup/rollup-win32-x64-msvc@4.19.1
      fsevents: registry.npmmirror.com/fsevents@2.3.3
    dev: true

  registry.npmmirror.com/semver@7.6.3:
    resolution: {integrity: sha512-oVekP1cKtI+CTDvHWYFUcMtsK/00wmAEfyqKfNdARm8u1wNVhSgaX7A8d4UuIlUI5e84iEwOhs7ZPYRmzU9U6A==, registry: https://registry.npm.taobao.org/, tarball: https://registry.npmmirror.com/semver/-/semver-7.6.3.tgz}
    name: semver
    version: 7.6.3
    engines: {node: '>=10'}
    hasBin: true
    dev: true

  registry.npmmirror.com/source-map-js@1.2.0:
    resolution: {integrity: sha512-itJW8lvSA0TXEphiRoawsCksnlf8SyvmFzIhltqAHluXd88pkCd+cXJVHTDwdCr0IzwptSm035IHQktUu1QUMg==, registry: https://registry.npm.taobao.org/, tarball: https://registry.npmmirror.com/source-map-js/-/source-map-js-1.2.0.tgz}
    name: source-map-js
    version: 1.2.0
    engines: {node: '>=0.10.0'}

  registry.npmmirror.com/to-fast-properties@2.0.0:
    resolution: {integrity: sha512-/OaKK0xYrs3DmxRYqL/yDc+FxFUVYhDlXMhRmv3z915w2HF1tnN1omB354j8VUGO/hbRzyD6Y3sA7v7GS/ceog==, registry: https://registry.npm.taobao.org/, tarball: https://registry.npmmirror.com/to-fast-properties/-/to-fast-properties-2.0.0.tgz}
    name: to-fast-properties
    version: 2.0.0
    engines: {node: '>=4'}

  registry.npmmirror.com/typescript@5.2.2:
    resolution: {integrity: sha512-mI4WrpHsbCIcwT9cF4FZvr80QUeKvsUsUvKDoR+X/7XHQH98xYD8YHZg7ANtz2GtZt/CBq2QJ0thkGJMHfqc1w==, registry: https://registry.npm.taobao.org/, tarball: https://registry.npmmirror.com/typescript/-/typescript-5.2.2.tgz}
    name: typescript
    version: 5.2.2
    engines: {node: '>=14.17'}
    hasBin: true

  registry.npmmirror.com/vite@5.3.4:
    resolution: {integrity: sha512-Cw+7zL3ZG9/NZBB8C+8QbQZmR54GwqIz+WMI4b3JgdYJvX+ny9AjJXqkGQlDXSXRP9rP0B4tbciRMOVEKulVOA==, registry: https://registry.npm.taobao.org/, tarball: https://registry.npmmirror.com/vite/-/vite-5.3.4.tgz}
    name: vite
    version: 5.3.4
    engines: {node: ^18.0.0 || >=20.0.0}
    hasBin: true
    peerDependencies:
      '@types/node': ^18.0.0 || >=20.0.0
      less: '*'
      lightningcss: ^1.21.0
      sass: '*'
      stylus: '*'
      sugarss: '*'
      terser: ^5.4.0
    peerDependenciesMeta:
      '@types/node':
        optional: true
      less:
        optional: true
      lightningcss:
        optional: true
      sass:
        optional: true
      stylus:
        optional: true
      sugarss:
        optional: true
      terser:
        optional: true
    dependencies:
      esbuild: registry.npmmirror.com/esbuild@0.21.5
      postcss: registry.npmmirror.com/postcss@8.4.40
      rollup: registry.npmmirror.com/rollup@4.19.1
    optionalDependencies:
      fsevents: registry.npmmirror.com/fsevents@2.3.3
    dev: true

  registry.npmmirror.com/vscode-uri@3.0.8:
    resolution: {integrity: sha512-AyFQ0EVmsOZOlAnxoFOGOq1SQDWAB7C6aqMGS23svWAllfOaxbuFvcT8D1i8z3Gyn8fraVeZNNmN6e9bxxXkKw==, registry: https://registry.npm.taobao.org/, tarball: https://registry.npmmirror.com/vscode-uri/-/vscode-uri-3.0.8.tgz}
    name: vscode-uri
    version: 3.0.8
    dev: true

  registry.npmmirror.com/vue-router@4.4.0(vue@3.4.31):
    resolution: {integrity: sha512-HB+t2p611aIZraV2aPSRNXf0Z/oLZFrlygJm+sZbdJaW6lcFqEDQwnzUBXn+DApw+/QzDU/I9TeWx9izEjTmsA==, registry: https://registry.npm.taobao.org/, tarball: https://registry.npmmirror.com/vue-router/-/vue-router-4.4.0.tgz}
    id: registry.npmmirror.com/vue-router/4.4.0
    name: vue-router
    version: 4.4.0
    peerDependencies:
      vue: ^3.2.0
    dependencies:
      '@vue/devtools-api': registry.npmmirror.com/@vue/devtools-api@6.6.3
      vue: registry.npmmirror.com/vue@3.4.31(typescript@5.2.2)
    dev: false

  registry.npmmirror.com/vue-template-compiler@2.7.16:
    resolution: {integrity: sha512-AYbUWAJHLGGQM7+cNTELw+KsOG9nl2CnSv467WobS5Cv9uk3wFcnr1Etsz2sEIHEZvw1U+o9mRlEO6QbZvUPGQ==, registry: https://registry.npm.taobao.org/, tarball: https://registry.npmmirror.com/vue-template-compiler/-/vue-template-compiler-2.7.16.tgz}
    name: vue-template-compiler
    version: 2.7.16
    dependencies:
      de-indent: registry.npmmirror.com/de-indent@1.0.2
      he: registry.npmmirror.com/he@1.2.0
    dev: true

  registry.npmmirror.com/vue-tsc@2.0.24(typescript@5.2.2):
    resolution: {integrity: sha512-1qi4P8L7yS78A7OJ7CDDxUIZPD6nVxoQEgX3DkRZNi1HI1qOfzOJwQlNpmwkogSVD6S/XcanbW9sktzpSxz6rA==, registry: https://registry.npm.taobao.org/, tarball: https://registry.npmmirror.com/vue-tsc/-/vue-tsc-2.0.24.tgz}
    id: registry.npmmirror.com/vue-tsc/2.0.24
    name: vue-tsc
    version: 2.0.24
    hasBin: true
    peerDependencies:
      typescript: '>=5.0.0'
    dependencies:
      '@volar/typescript': registry.npmmirror.com/@volar/typescript@2.4.0-alpha.18
      '@vue/language-core': registry.npmmirror.com/@vue/language-core@2.0.24(typescript@5.2.2)
      semver: registry.npmmirror.com/semver@7.6.3
      typescript: registry.npmmirror.com/typescript@5.2.2
    dev: true

  registry.npmmirror.com/vue@3.4.31(typescript@5.2.2):
    resolution: {integrity: sha512-njqRrOy7W3YLAlVqSKpBebtZpDVg21FPoaq1I7f/+qqBThK9ChAIjkRWgeP6Eat+8C+iia4P3OYqpATP21BCoQ==, registry: https://registry.npm.taobao.org/, tarball: https://registry.npmmirror.com/vue/-/vue-3.4.31.tgz}
    id: registry.npmmirror.com/vue/3.4.31
    name: vue
    version: 3.4.31
    peerDependencies:
      typescript: '*'
    peerDependenciesMeta:
      typescript:
        optional: true
    dependencies:
      '@vue/compiler-dom': registry.npmmirror.com/@vue/compiler-dom@3.4.31
      '@vue/compiler-sfc': registry.npmmirror.com/@vue/compiler-sfc@3.4.31
      '@vue/runtime-dom': registry.npmmirror.com/@vue/runtime-dom@3.4.31
      '@vue/server-renderer': registry.npmmirror.com/@vue/server-renderer@3.4.31(vue@3.4.31)
      '@vue/shared': registry.npmmirror.com/@vue/shared@3.4.31
      typescript: registry.npmmirror.com/typescript@5.2.2
